// !$*UTF8*$!
{
	archiveVersion = 1;
	classes = {
	};
	objectVersion = 50;
	objects = {

/* Begin PBXBuildFile section */
		D84FC32023DDD8FA00E48DF4 /* Branch.swift in Sources */ = {isa = PBXBuildFile; fileRef = D84FC31F23DDD8FA00E48DF4 /* Branch.swift */; };
		D84FC32423DDDA6900E48DF4 /* RatesViewController.swift in Sources */ = {isa = PBXBuildFile; fileRef = D84FC32223DDDA6900E48DF4 /* RatesViewController.swift */; };
		D84FC32523DDDA6900E48DF4 /* BranchesViewController.swift in Sources */ = {isa = PBXBuildFile; fileRef = D84FC32323DDDA6900E48DF4 /* BranchesViewController.swift */; };
		D84FC32A23DDDD4900E48DF4 /* BranchCell.swift in Sources */ = {isa = PBXBuildFile; fileRef = D84FC32823DDDD4900E48DF4 /* BranchCell.swift */; };
		D84FC32B23DDDD4900E48DF4 /* RateCell.swift in Sources */ = {isa = PBXBuildFile; fileRef = D84FC32923DDDD4900E48DF4 /* RateCell.swift */; };
		D8C5CDB723DC978C00DA161F /* AppDelegate.swift in Sources */ = {isa = PBXBuildFile; fileRef = D8C5CDB623DC978C00DA161F /* AppDelegate.swift */; };
		D8C5CDBE23DC978C00DA161F /* Main.storyboard in Resources */ = {isa = PBXBuildFile; fileRef = D8C5CDBC23DC978C00DA161F /* Main.storyboard */; };
		D8C5CDC023DC978D00DA161F /* Assets.xcassets in Resources */ = {isa = PBXBuildFile; fileRef = D8C5CDBF23DC978D00DA161F /* Assets.xcassets */; };
		D8C5CDC323DC978D00DA161F /* LaunchScreen.storyboard in Resources */ = {isa = PBXBuildFile; fileRef = D8C5CDC123DC978D00DA161F /* LaunchScreen.storyboard */; };
		D8C5CDCC23DC989200DA161F /* APIService.swift in Sources */ = {isa = PBXBuildFile; fileRef = D8C5CDCB23DC989200DA161F /* APIService.swift */; };
		D8C5CDCF23DC98EB00DA161F /* Rate.swift in Sources */ = {isa = PBXBuildFile; fileRef = D8C5CDCE23DC98EB00DA161F /* Rate.swift */; };
/* End PBXBuildFile section */

/* Begin PBXFileReference section */
		D84FC31F23DDD8FA00E48DF4 /* Branch.swift */ = {isa = PBXFileReference; lastKnownFileType = sourcecode.swift; path = Branch.swift; sourceTree = "<group>"; };
		D84FC32223DDDA6900E48DF4 /* RatesViewController.swift */ = {isa = PBXFileReference; fileEncoding = 4; lastKnownFileType = sourcecode.swift; path = RatesViewController.swift; sourceTree = "<group>"; };
		D84FC32323DDDA6900E48DF4 /* BranchesViewController.swift */ = {isa = PBXFileReference; fileEncoding = 4; lastKnownFileType = sourcecode.swift; path = BranchesViewController.swift; sourceTree = "<group>"; };
		D84FC32823DDDD4900E48DF4 /* BranchCell.swift */ = {isa = PBXFileReference; lastKnownFileType = sourcecode.swift; path = BranchCell.swift; sourceTree = "<group>"; };
		D84FC32923DDDD4900E48DF4 /* RateCell.swift */ = {isa = PBXFileReference; lastKnownFileType = sourcecode.swift; path = RateCell.swift; sourceTree = "<group>"; };
		D8C5CDB323DC978C00DA161F /* URLSession+Puhliy+Vitaliy.app */ = {isa = PBXFileReference; explicitFileType = wrapper.application; includeInIndex = 0; path = "URLSession+Puhliy+Vitaliy.app"; sourceTree = BUILT_PRODUCTS_DIR; };
		D8C5CDB623DC978C00DA161F /* AppDelegate.swift */ = {isa = PBXFileReference; lastKnownFileType = sourcecode.swift; path = AppDelegate.swift; sourceTree = "<group>"; };
		D8C5CDBD23DC978C00DA161F /* Base */ = {isa = PBXFileReference; lastKnownFileType = file.storyboard; name = Base; path = Base.lproj/Main.storyboard; sourceTree = "<group>"; };
		D8C5CDBF23DC978D00DA161F /* Assets.xcassets */ = {isa = PBXFileReference; lastKnownFileType = folder.assetcatalog; path = Assets.xcassets; sourceTree = "<group>"; };
		D8C5CDC223DC978D00DA161F /* Base */ = {isa = PBXFileReference; lastKnownFileType = file.storyboard; name = Base; path = Base.lproj/LaunchScreen.storyboard; sourceTree = "<group>"; };
		D8C5CDC423DC978D00DA161F /* Info.plist */ = {isa = PBXFileReference; lastKnownFileType = text.plist.xml; path = Info.plist; sourceTree = "<group>"; };
		D8C5CDCB23DC989200DA161F /* APIService.swift */ = {isa = PBXFileReference; lastKnownFileType = sourcecode.swift; path = APIService.swift; sourceTree = "<group>"; };
		D8C5CDCE23DC98EB00DA161F /* Rate.swift */ = {isa = PBXFileReference; lastKnownFileType = sourcecode.swift; path = Rate.swift; sourceTree = "<group>"; };
/* End PBXFileReference section */

/* Begin PBXFrameworksBuildPhase section */
		D8C5CDB023DC978C00DA161F /* Frameworks */ = {
			isa = PBXFrameworksBuildPhase;
			buildActionMask = 2147483647;
			files = (
			);
			runOnlyForDeploymentPostprocessing = 0;
		};
/* End PBXFrameworksBuildPhase section */

/* Begin PBXGroup section */
		D84FC32123DDDA4300E48DF4 /* ViewControllers */ = {
			isa = PBXGroup;
			children = (
				D84FC32323DDDA6900E48DF4 /* BranchesViewController.swift */,
				D84FC32223DDDA6900E48DF4 /* RatesViewController.swift */,
			);
			path = ViewControllers;
			sourceTree = "<group>";
		};
		D84FC32C23DDDD5100E48DF4 /* Cells */ = {
			isa = PBXGroup;
			children = (
				D84FC32823DDDD4900E48DF4 /* BranchCell.swift */,
				D84FC32923DDDD4900E48DF4 /* RateCell.swift */,
			);
			path = Cells;
			sourceTree = "<group>";
		};
		D8C5CDAA23DC978C00DA161F = {
			isa = PBXGroup;
			children = (
				D8C5CDB523DC978C00DA161F /* URLSession+Puhliy+Vitaliy */,
				D8C5CDB423DC978C00DA161F /* Products */,
			);
			sourceTree = "<group>";
		};
		D8C5CDB423DC978C00DA161F /* Products */ = {
			isa = PBXGroup;
			children = (
				D8C5CDB323DC978C00DA161F /* URLSession+Puhliy+Vitaliy.app */,
			);
			name = Products;
			sourceTree = "<group>";
		};
		D8C5CDB523DC978C00DA161F /* URLSession+Puhliy+Vitaliy */ = {
			isa = PBXGroup;
			children = (
				D84FC32C23DDDD5100E48DF4 /* Cells */,
				D84FC32123DDDA4300E48DF4 /* ViewControllers */,
				D8C5CDCD23DC98C800DA161F /* Entities */,
				D8C5CDCA23DC987F00DA161F /* Network */,
				D8C5CDB623DC978C00DA161F /* AppDelegate.swift */,
				D8C5CDBC23DC978C00DA161F /* Main.storyboard */,
				D8C5CDBF23DC978D00DA161F /* Assets.xcassets */,
				D8C5CDC123DC978D00DA161F /* LaunchScreen.storyboard */,
				D8C5CDC423DC978D00DA161F /* Info.plist */,
			);
			path = "URLSession+Puhliy+Vitaliy";
			sourceTree = "<group>";
		};
		D8C5CDCA23DC987F00DA161F /* Network */ = {
			isa = PBXGroup;
			children = (
				D8C5CDCB23DC989200DA161F /* APIService.swift */,
			);
			path = Network;
			sourceTree = "<group>";
		};
		D8C5CDCD23DC98C800DA161F /* Entities */ = {
			isa = PBXGroup;
			children = (
				D8C5CDCE23DC98EB00DA161F /* Rate.swift */,
				D84FC31F23DDD8FA00E48DF4 /* Branch.swift */,
			);
			path = Entities;
			sourceTree = "<group>";
		};
/* End PBXGroup section */

/* Begin PBXNativeTarget section */
		D8C5CDB223DC978C00DA161F /* URLSession+Puhliy+Vitaliy */ = {
			isa = PBXNativeTarget;
			buildConfigurationList = D8C5CDC723DC978D00DA161F /* Build configuration list for PBXNativeTarget "URLSession+Puhliy+Vitaliy" */;
			buildPhases = (
				D8C5CDAF23DC978C00DA161F /* Sources */,
				D8C5CDB023DC978C00DA161F /* Frameworks */,
				D8C5CDB123DC978C00DA161F /* Resources */,
			);
			buildRules = (
			);
			dependencies = (
			);
			name = "URLSession+Puhliy+Vitaliy";
			productName = "URLSession+Puhliy+Vitaliy";
			productReference = D8C5CDB323DC978C00DA161F /* URLSession+Puhliy+Vitaliy.app */;
			productType = "com.apple.product-type.application";
		};
/* End PBXNativeTarget section */

/* Begin PBXProject section */
		D8C5CDAB23DC978C00DA161F /* Project object */ = {
			isa = PBXProject;
			attributes = {
				LastSwiftUpdateCheck = 1130;
				LastUpgradeCheck = 1130;
				ORGANIZATIONNAME = Developer;
				TargetAttributes = {
					D8C5CDB223DC978C00DA161F = {
						CreatedOnToolsVersion = 11.3;
					};
				};
			};
			buildConfigurationList = D8C5CDAE23DC978C00DA161F /* Build configuration list for PBXProject "URLSession+Puhliy+Vitaliy" */;
			compatibilityVersion = "Xcode 9.3";
			developmentRegion = en;
			hasScannedForEncodings = 0;
			knownRegions = (
				en,
				Base,
			);
			mainGroup = D8C5CDAA23DC978C00DA161F;
			productRefGroup = D8C5CDB423DC978C00DA161F /* Products */;
			projectDirPath = "";
			projectRoot = "";
			targets = (
				D8C5CDB223DC978C00DA161F /* URLSession+Puhliy+Vitaliy */,
			);
		};
/* End PBXProject section */

/* Begin PBXResourcesBuildPhase section */
		D8C5CDB123DC978C00DA161F /* Resources */ = {
			isa = PBXResourcesBuildPhase;
			buildActionMask = 2147483647;
			files = (
				D8C5CDC323DC978D00DA161F /* LaunchScreen.storyboard in Resources */,
				D8C5CDC023DC978D00DA161F /* Assets.xcassets in Resources */,
				D8C5CDBE23DC978C00DA161F /* Main.storyboard in Resources */,
			);
			runOnlyForDeploymentPostprocessing = 0;
		};
/* End PBXResourcesBuildPhase section */

/* Begin PBXSourcesBuildPhase section */
		D8C5CDAF23DC978C00DA161F /* Sources */ = {
			isa = PBXSourcesBuildPhase;
			buildActionMask = 2147483647;
			files = (
				D8C5CDCF23DC98EB00DA161F /* Rate.swift in Sources */,
				D84FC32523DDDA6900E48DF4 /* BranchesViewController.swift in Sources */,
				D84FC32023DDD8FA00E48DF4 /* Branch.swift in Sources */,
				D8C5CDCC23DC989200DA161F /* APIService.swift in Sources */,
				D8C5CDB723DC978C00DA161F /* AppDelegate.swift in Sources */,
				D84FC32B23DDDD4900E48DF4 /* RateCell.swift in Sources */,
				D84FC32A23DDDD4900E48DF4 /* BranchCell.swift in Sources */,
				D84FC32423DDDA6900E48DF4 /* RatesViewController.swift in Sources */,
			);
			runOnlyForDeploymentPostprocessing = 0;
		};
/* End PBXSourcesBuildPhase section */

/* Begin PBXVariantGroup section */
		D8C5CDBC23DC978C00DA161F /* Main.storyboard */ = {
			isa = PBXVariantGroup;
			children = (
				D8C5CDBD23DC978C00DA161F /* Base */,
			);
			name = Main.storyboard;
			sourceTree = "<group>";
		};
		D8C5CDC123DC978D00DA161F /* LaunchScreen.storyboard */ = {
			isa = PBXVariantGroup;
			children = (
				D8C5CDC223DC978D00DA161F /* Base */,
			);
			name = LaunchScreen.storyboard;
			sourceTree = "<group>";
		};
/* End PBXVariantGroup section */

/* Begin XCBuildConfiguration section */
		D8C5CDC523DC978D00DA161F /* Debug */ = {
			isa = XCBuildConfiguration;
			buildSettings = {
				ALWAYS_SEARCH_USER_PATHS = NO;
				CLANG_ANALYZER_NONNULL = YES;
				CLANG_ANALYZER_NUMBER_OBJECT_CONVERSION = YES_AGGRESSIVE;
				CLANG_CXX_LANGUAGE_STANDARD = "gnu++14";
				CLANG_CXX_LIBRARY = "libc++";
				CLANG_ENABLE_MODULES = YES;
				CLANG_ENABLE_OBJC_ARC = YES;
				CLANG_ENABLE_OBJC_WEAK = YES;
				CLANG_WARN_BLOCK_CAPTURE_AUTORELEASING = YES;
				CLANG_WARN_BOOL_CONVERSION = YES;
				CLANG_WARN_COMMA = YES;
				CLANG_WARN_CONSTANT_CONVERSION = YES;
				CLANG_WARN_DEPRECATED_OBJC_IMPLEMENTATIONS = YES;
				CLANG_WARN_DIRECT_OBJC_ISA_USAGE = YES_ERROR;
				CLANG_WARN_DOCUMENTATION_COMMENTS = YES;
				CLANG_WARN_EMPTY_BODY = YES;
				CLANG_WARN_ENUM_CONVERSION = YES;
				CLANG_WARN_INFINITE_RECURSION = YES;
				CLANG_WARN_INT_CONVERSION = YES;
				CLANG_WARN_NON_LITERAL_NULL_CONVERSION = YES;
				CLANG_WARN_OBJC_IMPLICIT_RETAIN_SELF = YES;
				CLANG_WARN_OBJC_LITERAL_CONVERSION = YES;
				CLANG_WARN_OBJC_ROOT_CLASS = YES_ERROR;
				CLANG_WARN_RANGE_LOOP_ANALYSIS = YES;
				CLANG_WARN_STRICT_PROTOTYPES = YES;
				CLANG_WARN_SUSPICIOUS_MOVE = YES;
				CLANG_WARN_UNGUARDED_AVAILABILITY = YES_AGGRESSIVE;
				CLANG_WARN_UNREACHABLE_CODE = YES;
				CLANG_WARN__DUPLICATE_METHOD_MATCH = YES;
				COPY_PHASE_STRIP = NO;
				DEBUG_INFORMATION_FORMAT = dwarf;
				ENABLE_STRICT_OBJC_MSGSEND = YES;
				ENABLE_TESTABILITY = YES;
				GCC_C_LANGUAGE_STANDARD = gnu11;
				GCC_DYNAMIC_NO_PIC = NO;
				GCC_NO_COMMON_BLOCKS = YES;
				GCC_OPTIMIZATION_LEVEL = 0;
				GCC_PREPROCESSOR_DEFINITIONS = (
					"DEBUG=1",
					"$(inherited)",
				);
				GCC_WARN_64_TO_32_BIT_CONVERSION = YES;
				GCC_WARN_ABOUT_RETURN_TYPE = YES_ERROR;
				GCC_WARN_UNDECLARED_SELECTOR = YES;
				GCC_WARN_UNINITIALIZED_AUTOS = YES_AGGRESSIVE;
				GCC_WARN_UNUSED_FUNCTION = YES;
				GCC_WARN_UNUSED_VARIABLE = YES;
				IPHONEOS_DEPLOYMENT_TARGET = 13.2;
				MTL_ENABLE_DEBUG_INFO = INCLUDE_SOURCE;
				MTL_FAST_MATH = YES;
				ONLY_ACTIVE_ARCH = YES;
				SDKROOT = iphoneos;
				SWIFT_ACTIVE_COMPILATION_CONDITIONS = DEBUG;
				SWIFT_OPTIMIZATION_LEVEL = "-Onone";
			};
			name = Debug;
		};
		D8C5CDC623DC978D00DA161F /* Release */ = {
			isa = XCBuildConfiguration;
			buildSettings = {
				ALWAYS_SEARCH_USER_PATHS = NO;
				CLANG_ANALYZER_NONNULL = YES;
				CLANG_ANALYZER_NUMBER_OBJECT_CONVERSION = YES_AGGRESSIVE;
				CLANG_CXX_LANGUAGE_STANDARD = "gnu++14";
				CLANG_CXX_LIBRARY = "libc++";
				CLANG_ENABLE_MODULES = YES;
				CLANG_ENABLE_OBJC_ARC = YES;
				CLANG_ENABLE_OBJC_WEAK = YES;
				CLANG_WARN_BLOCK_CAPTURE_AUTORELEASING = YES;
				CLANG_WARN_BOOL_CONVERSION = YES;
				CLANG_WARN_COMMA = YES;
				CLANG_WARN_CONSTANT_CONVERSION = YES;
				CLANG_WARN_DEPRECATED_OBJC_IMPLEMENTATIONS = YES;
				CLANG_WARN_DIRECT_OBJC_ISA_USAGE = YES_ERROR;
				CLANG_WARN_DOCUMENTATION_COMMENTS = YES;
				CLANG_WARN_EMPTY_BODY = YES;
				CLANG_WARN_ENUM_CONVERSION = YES;
				CLANG_WARN_INFINITE_RECURSION = YES;
				CLANG_WARN_INT_CONVERSION = YES;
				CLANG_WARN_NON_LITERAL_NULL_CONVERSION = YES;
				CLANG_WARN_OBJC_IMPLICIT_RETAIN_SELF = YES;
				CLANG_WARN_OBJC_LITERAL_CONVERSION = YES;
				CLANG_WARN_OBJC_ROOT_CLASS = YES_ERROR;
				CLANG_WARN_RANGE_LOOP_ANALYSIS = YES;
				CLANG_WARN_STRICT_PROTOTYPES = YES;
				CLANG_WARN_SUSPICIOUS_MOVE = YES;
				CLANG_WARN_UNGUARDED_AVAILABILITY = YES_AGGRESSIVE;
				CLANG_WARN_UNREACHABLE_CODE = YES;
				CLANG_WARN__DUPLICATE_METHOD_MATCH = YES;
				COPY_PHASE_STRIP = NO;
				DEBUG_INFORMATION_FORMAT = "dwarf-with-dsym";
				ENABLE_NS_ASSERTIONS = NO;
				ENABLE_STRICT_OBJC_MSGSEND = YES;
				GCC_C_LANGUAGE_STANDARD = gnu11;
				GCC_NO_COMMON_BLOCKS = YES;
				GCC_WARN_64_TO_32_BIT_CONVERSION = YES;
				GCC_WARN_ABOUT_RETURN_TYPE = YES_ERROR;
				GCC_WARN_UNDECLARED_SELECTOR = YES;
				GCC_WARN_UNINITIALIZED_AUTOS = YES_AGGRESSIVE;
				GCC_WARN_UNUSED_FUNCTION = YES;
				GCC_WARN_UNUSED_VARIABLE = YES;
				IPHONEOS_DEPLOYMENT_TARGET = 13.2;
				MTL_ENABLE_DEBUG_INFO = NO;
				MTL_FAST_MATH = YES;
				SDKROOT = iphoneos;
				SWIFT_COMPILATION_MODE = wholemodule;
				SWIFT_OPTIMIZATION_LEVEL = "-O";
				VALIDATE_PRODUCT = YES;
			};
			name = Release;
		};
		D8C5CDC823DC978D00DA161F /* Debug */ = {
			isa = XCBuildConfiguration;
			buildSettings = {
				ASSETCATALOG_COMPILER_APPICON_NAME = AppIcon;
				CODE_SIGN_STYLE = Automatic;
				INFOPLIST_FILE = "URLSession+Puhliy+Vitaliy/Info.plist";
				LD_RUNPATH_SEARCH_PATHS = (
					"$(inherited)",
					"@executable_path/Frameworks",
				);
				PRODUCT_BUNDLE_IDENTIFIER = "com.shimshon.URLSession-Puhliy-Vitaliy";
				PRODUCT_NAME = "$(TARGET_NAME)";
				SWIFT_VERSION = 5.0;
				TARGETED_DEVICE_FAMILY = "1,2";
			};
			name = Debug;
		};
		D8C5CDC923DC978D00DA161F /* Release */ = {
			isa = XCBuildConfiguration;
			buildSettings = {
				ASSETCATALOG_COMPILER_APPICON_NAME = AppIcon;
				CODE_SIGN_STYLE = Automatic;
				INFOPLIST_FILE = "URLSession+Puhliy+Vitaliy/Info.plist";
				LD_RUNPATH_SEARCH_PATHS = (
					"$(inherited)",
					"@executable_path/Frameworks",
				);
				PRODUCT_BUNDLE_IDENTIFIER = "com.shimshon.URLSession-Puhliy-Vitaliy";
				PRODUCT_NAME = "$(TARGET_NAME)";
				SWIFT_VERSION = 5.0;
				TARGETED_DEVICE_FAMILY = "1,2";
			};
			name = Release;
		};
/* End XCBuildConfiguration section */

/* Begin XCConfigurationList section */
		D8C5CDAE23DC978C00DA161F /* Build configuration list for PBXProject "URLSession+Puhliy+Vitaliy" */ = {
			isa = XCConfigurationList;
			buildConfigurations = (
				D8C5CDC523DC978D00DA161F /* Debug */,
				D8C5CDC623DC978D00DA161F /* Release */,
			);
			defaultConfigurationIsVisible = 0;
			defaultConfigurationName = Release;
		};
		D8C5CDC723DC978D00DA161F /* Build configuration list for PBXNativeTarget "URLSession+Puhliy+Vitaliy" */ = {
			isa = XCConfigurationList;
			buildConfigurations = (
				D8C5CDC823DC978D00DA161F /* Debug */,
				D8C5CDC923DC978D00DA161F /* Release */,
			);
			defaultConfigurationIsVisible = 0;
			defaultConfigurationName = Release;
		};
/* End XCConfigurationList section */
	};
	rootObject = D8C5CDAB23DC978C00DA161F /* Project object */;
}
